// !$*UTF8*$!
{
	archiveVersion = 1;
	classes = {
	};
	objectVersion = 46;
	objects = {

/* Begin PBXBuildFile section */
		3C5AB5431D2DAC9F005239ED /* libian.cpp in Sources */ = {isa = PBXBuildFile; fileRef = 3C5AB5411D2DAC9F005239ED /* libian.cpp */; };
		3C5AB5461D2E05AD005239ED /* vecian.cpp in Sources */ = {isa = PBXBuildFile; fileRef = 3C5AB5441D2E05AD005239ED /* vecian.cpp */; };
		3C5AB5491D2FA104005239ED /* Songs.cpp in Sources */ = {isa = PBXBuildFile; fileRef = 3C5AB5471D2FA104005239ED /* Songs.cpp */; };
		3CF31AC71D2272F000A4F4D2 /* main.cpp in Sources */ = {isa = PBXBuildFile; fileRef = 3CF31AC61D2272F000A4F4D2 /* main.cpp */; };
/* End PBXBuildFile section */

/* Begin PBXCopyFilesBuildPhase section */
		3CF31AC11D2272F000A4F4D2 /* CopyFiles */ = {
			isa = PBXCopyFilesBuildPhase;
			buildActionMask = 2147483647;
			dstPath = /usr/share/man/man1/;
			dstSubfolderSpec = 0;
			files = (
			);
			runOnlyForDeploymentPostprocessing = 1;
		};
/* End PBXCopyFilesBuildPhase section */

/* Begin PBXFileReference section */
		3C5AB5381D2C9652005239ED /* ideas */ = {isa = PBXFileReference; fileEncoding = 4; lastKnownFileType = text; path = ideas; sourceTree = "<group>"; };
		3C5AB5391D2CC5E7005239ED /* reqs */ = {isa = PBXFileReference; fileEncoding = 4; lastKnownFileType = text; path = reqs; sourceTree = "<group>"; };
		3C5AB53A1D2D89C4005239ED /* songs.txt */ = {isa = PBXFileReference; fileEncoding = 4; lastKnownFileType = text; path = songs.txt; sourceTree = "<group>"; };
		3C5AB5411D2DAC9F005239ED /* libian.cpp */ = {isa = PBXFileReference; fileEncoding = 4; lastKnownFileType = sourcecode.cpp.cpp; path = libian.cpp; sourceTree = "<group>"; };
		3C5AB5421D2DAC9F005239ED /* libian.hpp */ = {isa = PBXFileReference; fileEncoding = 4; lastKnownFileType = sourcecode.cpp.h; path = libian.hpp; sourceTree = "<group>"; };
		3C5AB5441D2E05AD005239ED /* vecian.cpp */ = {isa = PBXFileReference; fileEncoding = 4; lastKnownFileType = sourcecode.cpp.cpp; path = vecian.cpp; sourceTree = "<group>"; };
		3C5AB5451D2E05AD005239ED /* vecian.hpp */ = {isa = PBXFileReference; fileEncoding = 4; lastKnownFileType = sourcecode.cpp.h; path = vecian.hpp; sourceTree = "<group>"; };
		3C5AB5471D2FA104005239ED /* Songs.cpp */ = {isa = PBXFileReference; fileEncoding = 4; lastKnownFileType = sourcecode.cpp.cpp; path = Songs.cpp; sourceTree = "<group>"; };
		3C5AB5481D2FA104005239ED /* Songs.hpp */ = {isa = PBXFileReference; fileEncoding = 4; lastKnownFileType = sourcecode.cpp.h; path = Songs.hpp; sourceTree = "<group>"; };
		3CF31AC31D2272F000A4F4D2 /* project2 */ = {isa = PBXFileReference; explicitFileType = "compiled.mach-o.executable"; includeInIndex = 0; path = project2; sourceTree = BUILT_PRODUCTS_DIR; };
		3CF31AC61D2272F000A4F4D2 /* main.cpp */ = {isa = PBXFileReference; lastKnownFileType = sourcecode.cpp.cpp; path = main.cpp; sourceTree = "<group>"; };
/* End PBXFileReference section */

/* Begin PBXFrameworksBuildPhase section */
		3CF31AC01D2272F000A4F4D2 /* Frameworks */ = {
			isa = PBXFrameworksBuildPhase;
			buildActionMask = 2147483647;
			files = (
			);
			runOnlyForDeploymentPostprocessing = 0;
		};
/* End PBXFrameworksBuildPhase section */

/* Begin PBXGroup section */
		3CF31ABA1D2272F000A4F4D2 = {
			isa = PBXGroup;
			children = (
				3CF31AC51D2272F000A4F4D2 /* project2 */,
				3CF31AC41D2272F000A4F4D2 /* Products */,
			);
			sourceTree = "<group>";
		};
		3CF31AC41D2272F000A4F4D2 /* Products */ = {
			isa = PBXGroup;
			children = (
				3CF31AC31D2272F000A4F4D2 /* project2 */,
			);
			name = Products;
			sourceTree = "<group>";
		};
		3CF31AC51D2272F000A4F4D2 /* project2 */ = {
			isa = PBXGroup;
			children = (
				3C5AB5411D2DAC9F005239ED /* libian.cpp */,
				3C5AB5421D2DAC9F005239ED /* libian.hpp */,
				3C5AB5441D2E05AD005239ED /* vecian.cpp */,
				3C5AB5451D2E05AD005239ED /* vecian.hpp */,
				3C5AB5381D2C9652005239ED /* ideas */,
				3CF31AC61D2272F000A4F4D2 /* main.cpp */,
				3C5AB5391D2CC5E7005239ED /* reqs */,
				3C5AB53A1D2D89C4005239ED /* songs.txt */,
				3C5AB5471D2FA104005239ED /* Songs.cpp */,
				3C5AB5481D2FA104005239ED /* Songs.hpp */,
			);
			path = project2;
			sourceTree = "<group>";
		};
/* End PBXGroup section */

/* Begin PBXNativeTarget section */
		3CF31AC21D2272F000A4F4D2 /* project2 */ = {
			isa = PBXNativeTarget;
			buildConfigurationList = 3CF31ACA1D2272F000A4F4D2 /* Build configuration list for PBXNativeTarget "project2" */;
			buildPhases = (
				3CF31ABF1D2272F000A4F4D2 /* Sources */,
				3CF31AC01D2272F000A4F4D2 /* Frameworks */,
				3CF31AC11D2272F000A4F4D2 /* CopyFiles */,
			);
			buildRules = (
			);
			dependencies = (
			);
			name = project2;
			productName = project2;
			productReference = 3CF31AC31D2272F000A4F4D2 /* project2 */;
			productType = "com.apple.product-type.tool";
		};
/* End PBXNativeTarget section */

/* Begin PBXProject section */
		3CF31ABB1D2272F000A4F4D2 /* Project object */ = {
			isa = PBXProject;
			attributes = {
				LastUpgradeCheck = 0730;
				ORGANIZATIONNAME = "Ian Harris";
				TargetAttributes = {
					3CF31AC21D2272F000A4F4D2 = {
						CreatedOnToolsVersion = 7.3.1;
					};
				};
			};
			buildConfigurationList = 3CF31ABE1D2272F000A4F4D2 /* Build configuration list for PBXProject "project2" */;
			compatibilityVersion = "Xcode 3.2";
			developmentRegion = English;
			hasScannedForEncodings = 0;
			knownRegions = (
				en,
			);
			mainGroup = 3CF31ABA1D2272F000A4F4D2;
			productRefGroup = 3CF31AC41D2272F000A4F4D2 /* Products */;
			projectDirPath = "";
			projectRoot = "";
			targets = (
				3CF31AC21D2272F000A4F4D2 /* project2 */,
			);
		};
/* End PBXProject section */

/* Begin PBXSourcesBuildPhase section */
		3CF31ABF1D2272F000A4F4D2 /* Sources */ = {
			isa = PBXSourcesBuildPhase;
			buildActionMask = 2147483647;
			files = (
				3C5AB5491D2FA104005239ED /* Songs.cpp in Sources */,
				3C5AB5431D2DAC9F005239ED /* libian.cpp in Sources */,
				3C5AB5461D2E05AD005239ED /* vecian.cpp in Sources */,
				3CF31AC71D2272F000A4F4D2 /* main.cpp in Sources */,
			);
			runOnlyForDeploymentPostprocessing = 0;
		};
/* End PBXSourcesBuildPhase section */

/* Begin XCBuildConfiguration section */
		3CF31AC81D2272F000A4F4D2 /* Debug */ = {
			isa = XCBuildConfiguration;
			buildSettings = {
				ALWAYS_SEARCH_USER_PATHS = NO;
				CLANG_ANALYZER_NONNULL = YES;
				CLANG_CXX_LANGUAGE_STANDARD = "gnu++0x";
				CLANG_CXX_LIBRARY = "libc++";
				CLANG_ENABLE_MODULES = YES;
				CLANG_ENABLE_OBJC_ARC = YES;
				CLANG_WARN_BOOL_CONVERSION = YES;
				CLANG_WARN_CONSTANT_CONVERSION = YES;
				CLANG_WARN_DIRECT_OBJC_ISA_USAGE = YES_ERROR;
				CLANG_WARN_EMPTY_BODY = YES;
				CLANG_WARN_ENUM_CONVERSION = YES;
				CLANG_WARN_INT_CONVERSION = YES;
				CLANG_WARN_OBJC_ROOT_CLASS = YES_ERROR;
				CLANG_WARN_UNREACHABLE_CODE = YES;
				CLANG_WARN__DUPLICATE_METHOD_MATCH = YES;
				CODE_SIGN_IDENTITY = "-";
				COPY_PHASE_STRIP = NO;
				DEBUG_INFORMATION_FORMAT = dwarf;
				ENABLE_STRICT_OBJC_MSGSEND = YES;
				ENABLE_TESTABILITY = YES;
				GCC_C_LANGUAGE_STANDARD = gnu99;
				GCC_DYNAMIC_NO_PIC = NO;
				GCC_NO_COMMON_BLOCKS = YES;
				GCC_OPTIMIZATION_LEVEL = 0;
				GCC_PREPROCESSOR_DEFINITIONS = (
					"DEBUG=1",
					"$(inherited)",
				);
				GCC_WARN_64_TO_32_BIT_CONVERSION = YES;
				GCC_WARN_ABOUT_RETURN_TYPE = YES_ERROR;
				GCC_WARN_UNDECLARED_SELECTOR = YES;
				GCC_WARN_UNINITIALIZED_AUTOS = YES_AGGRESSIVE;
				GCC_WARN_UNUSED_FUNCTION = YES;
				GCC_WARN_UNUSED_VARIABLE = YES;
				MACOSX_DEPLOYMENT_TARGET = 10.11;
				MTL_ENABLE_DEBUG_INFO = YES;
				ONLY_ACTIVE_ARCH = YES;
				SDKROOT = macosx;
			};
			name = Debug;
		};
		3CF31AC91D2272F000A4F4D2 /* Release */ = {
			isa = XCBuildConfiguration;
			buildSettings = {
				ALWAYS_SEARCH_USER_PATHS = NO;
				CLANG_ANALYZER_NONNULL = YES;
				CLANG_CXX_LANGUAGE_STANDARD = "gnu++0x";
				CLANG_CXX_LIBRARY = "libc++";
				CLANG_ENABLE_MODULES = YES;
				CLANG_ENABLE_OBJC_ARC = YES;
				CLANG_WARN_BOOL_CONVERSION = YES;
				CLANG_WARN_CONSTANT_CONVERSION = YES;
				CLANG_WARN_DIRECT_OBJC_ISA_USAGE = YES_ERROR;
				CLANG_WARN_EMPTY_BODY = YES;
				CLANG_WARN_ENUM_CONVERSION = YES;
				CLANG_WARN_INT_CONVERSION = YES;
				CLANG_WARN_OBJC_ROOT_CLASS = YES_ERROR;
				CLANG_WARN_UNREACHABLE_CODE = YES;
				CLANG_WARN__DUPLICATE_METHOD_MATCH = YES;
				CODE_SIGN_IDENTITY = "-";
				COPY_PHASE_STRIP = NO;
				DEBUG_INFORMATION_FORMAT = "dwarf-with-dsym";
				ENABLE_NS_ASSERTIONS = NO;
				ENABLE_STRICT_OBJC_MSGSEND = YES;
				GCC_C_LANGUAGE_STANDARD = gnu99;
				GCC_NO_COMMON_BLOCKS = YES;
				GCC_WARN_64_TO_32_BIT_CONVERSION = YES;
				GCC_WARN_ABOUT_RETURN_TYPE = YES_ERROR;
				GCC_WARN_UNDECLARED_SELECTOR = YES;
				GCC_WARN_UNINITIALIZED_AUTOS = YES_AGGRESSIVE;
				GCC_WARN_UNUSED_FUNCTION = YES;
				GCC_WARN_UNUSED_VARIABLE = YES;
				MACOSX_DEPLOYMENT_TARGET = 10.11;
				MTL_ENABLE_DEBUG_INFO = NO;
				SDKROOT = macosx;
			};
			name = Release;
		};
		3CF31ACB1D2272F000A4F4D2 /* Debug */ = {
			isa = XCBuildConfiguration;
			buildSettings = {
				PRODUCT_NAME = "$(TARGET_NAME)";
			};
			name = Debug;
		};
		3CF31ACC1D2272F000A4F4D2 /* Release */ = {
			isa = XCBuildConfiguration;
			buildSettings = {
				PRODUCT_NAME = "$(TARGET_NAME)";
			};
			name = Release;
		};
/* End XCBuildConfiguration section */

/* Begin XCConfigurationList section */
		3CF31ABE1D2272F000A4F4D2 /* Build configuration list for PBXProject "project2" */ = {
			isa = XCConfigurationList;
			buildConfigurations = (
				3CF31AC81D2272F000A4F4D2 /* Debug */,
				3CF31AC91D2272F000A4F4D2 /* Release */,
			);
			defaultConfigurationIsVisible = 0;
			defaultConfigurationName = Release;
		};
		3CF31ACA1D2272F000A4F4D2 /* Build configuration list for PBXNativeTarget "project2" */ = {
			isa = XCConfigurationList;
			buildConfigurations = (
				3CF31ACB1D2272F000A4F4D2 /* Debug */,
				3CF31ACC1D2272F000A4F4D2 /* Release */,
			);
			defaultConfigurationIsVisible = 0;
			defaultConfigurationName = Release;
		};
/* End XCConfigurationList section */
	};
	rootObject = 3CF31ABB1D2272F000A4F4D2 /* Project object */;
}
